
Microsoft Visual Studio Solution File, Format Version 12.00
# Visual Studio 15
VisualStudioVersion = 15.0.27130.2026
MinimumVisualStudioVersion = 10.0.40219.1
Project("{FAE04EC0-301F-11D3-BF4B-00C04F79EFBC}") = "Vidly", "Vidly\Vidly.csproj", "{9DBAECB5-412F-43B9-8E6B-911C4C9704C8}"
EndProject
Global
	GlobalSection(SolutionConfigurationPlatforms) = preSolution
		Debug|Any CPU = Debug|Any CPU
		Release|Any CPU = Release|Any CPU
	EndGlobalSection
	GlobalSection(ProjectConfigurationPlatforms) = postSolution
		{9DBAECB5-412F-43B9-8E6B-911C4C9704C8}.Debug|Any CPU.ActiveCfg = Debug|Any CPU
		{9DBAECB5-412F-43B9-8E6B-911C4C9704C8}.Debug|Any CPU.Build.0 = Debug|Any CPU
		{9DBAECB5-412F-43B9-8E6B-911C4C9704C8}.Release|Any CPU.ActiveCfg = Release|Any CPU
		{9DBAECB5-412F-43B9-8E6B-911C4C9704C8}.Release|Any CPU.Build.0 = Release|Any CPU
	EndGlobalSection
	GlobalSection(SolutionProperties) = preSolution
		HideSolutionNode = FALSE
	EndGlobalSection
	GlobalSection(ExtensibilityGlobals) = postSolution
		SolutionGuid = {E2BB8EAC-AE64-45A7-B2C3-17F1BFF67F6A}
	EndGlobalSection
EndGlobal
